
Microsoft Visual Studio Solution File, Format Version 12.00
# Visual Studio 15
VisualStudioVersion = 15.0.27703.2042
MinimumVisualStudioVersion = 10.0.40219.1
Project("{9A19103F-16F7-4668-BE54-9A1E7A4F7556}") = "Matcha.BackgroundService", "Matcha.BackgroundService\Matcha.BackgroundService.csproj", "{4D52E5EA-C24E-4380-9650-B84D7908701D}"
EndProject
Project("{2150E333-8FDC-42A3-9474-1A3956D46DE8}") = "Common", "Common", "{F0C7AE0A-2F29-497B-9ACE-04D805323E31}"
EndProject
Project("{2150E333-8FDC-42A3-9474-1A3956D46DE8}") = "iOS", "iOS", "{463693D8-900F-4F6B-A09D-7181AD557E2C}"
EndProject
Project("{2150E333-8FDC-42A3-9474-1A3956D46DE8}") = "Android", "Android", "{9200935B-9FB9-420C-B46E-0C5D3DDDDDE5}"
EndProject
Project("{FAE04EC0-301F-11D3-BF4B-00C04F79EFBC}") = "Matcha.BackgroundService.iOS", "Matcha.BackgroundService.iOS\Matcha.BackgroundService.iOS.csproj", "{E71F3053-056C-4381-9638-048ED73BDFF6}"
EndProject
Project("{FAE04EC0-301F-11D3-BF4B-00C04F79EFBC}") = "Matcha.BackgroundService.Droid", "Matcha.BackgroundService.Droid\Matcha.BackgroundService.Droid.csproj", "{9D97344A-1852-45C1-AFAE-0D69D93F565B}"
EndProject
Project("{2150E333-8FDC-42A3-9474-1A3956D46DE8}") = "Sample", "Sample", "{5426278F-BD47-431C-93A2-7BEBC33A4C3F}"
EndProject
Project("{9A19103F-16F7-4668-BE54-9A1E7A4F7556}") = "SampleBackground", "SampleBackground\SampleBackground\SampleBackground.csproj", "{753CC20F-1B34-4328-9EE3-613575F528C5}"
EndProject
Project("{FAE04EC0-301F-11D3-BF4B-00C04F79EFBC}") = "SampleBackground.Android", "SampleBackground\SampleBackground.Android\SampleBackground.Android.csproj", "{95014DAA-ADD6-42E6-8F7D-12F4E7C6AAFC}"
EndProject
Project("{FAE04EC0-301F-11D3-BF4B-00C04F79EFBC}") = "SampleBackground.iOS", "SampleBackground\SampleBackground.iOS\SampleBackground.iOS.csproj", "{890704FB-9127-440A-B4F0-686131ED3844}"
EndProject
Project("{2150E333-8FDC-42A3-9474-1A3956D46DE8}") = "Library", "Library", "{CD3542DF-BD8C-4279-B6D1-C527C4D538C6}"
EndProject
Global
	GlobalSection(SolutionConfigurationPlatforms) = preSolution
		Ad-Hoc|Any CPU = Ad-Hoc|Any CPU
		Ad-Hoc|ARM = Ad-Hoc|ARM
		Ad-Hoc|iPhone = Ad-Hoc|iPhone
		Ad-Hoc|iPhoneSimulator = Ad-Hoc|iPhoneSimulator
		Ad-Hoc|x64 = Ad-Hoc|x64
		Ad-Hoc|x86 = Ad-Hoc|x86
		AppStore|Any CPU = AppStore|Any CPU
		AppStore|ARM = AppStore|ARM
		AppStore|iPhone = AppStore|iPhone
		AppStore|iPhoneSimulator = AppStore|iPhoneSimulator
		AppStore|x64 = AppStore|x64
		AppStore|x86 = AppStore|x86
		Debug|Any CPU = Debug|Any CPU
		Debug|ARM = Debug|ARM
		Debug|iPhone = Debug|iPhone
		Debug|iPhoneSimulator = Debug|iPhoneSimulator
		Debug|x64 = Debug|x64
		Debug|x86 = Debug|x86
		Release|Any CPU = Release|Any CPU
		Release|ARM = Release|ARM
		Release|iPhone = Release|iPhone
		Release|iPhoneSimulator = Release|iPhoneSimulator
		Release|x64 = Release|x64
		Release|x86 = Release|x86
	EndGlobalSection
	GlobalSection(ProjectConfigurationPlatforms) = postSolution
		{4D52E5EA-C24E-4380-9650-B84D7908701D}.Ad-Hoc|Any CPU.ActiveCfg = Release|Any CPU
		{4D52E5EA-C24E-4380-9650-B84D7908701D}.Ad-Hoc|Any CPU.Build.0 = Release|Any CPU
		{4D52E5EA-C24E-4380-9650-B84D7908701D}.Ad-Hoc|ARM.ActiveCfg = Release|Any CPU
		{4D52E5EA-C24E-4380-9650-B84D7908701D}.Ad-Hoc|ARM.Build.0 = Release|Any CPU
		{4D52E5EA-C24E-4380-9650-B84D7908701D}.Ad-Hoc|iPhone.ActiveCfg = Release|Any CPU
		{4D52E5EA-C24E-4380-9650-B84D7908701D}.Ad-Hoc|iPhone.Build.0 = Release|Any CPU
		{4D52E5EA-C24E-4380-9650-B84D7908701D}.Ad-Hoc|iPhoneSimulator.ActiveCfg = Release|Any CPU
		{4D52E5EA-C24E-4380-9650-B84D7908701D}.Ad-Hoc|iPhoneSimulator.Build.0 = Release|Any CPU
		{4D52E5EA-C24E-4380-9650-B84D7908701D}.Ad-Hoc|x64.ActiveCfg = Release|Any CPU
		{4D52E5EA-C24E-4380-9650-B84D7908701D}.Ad-Hoc|x64.Build.0 = Release|Any CPU
		{4D52E5EA-C24E-4380-9650-B84D7908701D}.Ad-Hoc|x86.ActiveCfg = Release|Any CPU
		{4D52E5EA-C24E-4380-9650-B84D7908701D}.Ad-Hoc|x86.Build.0 = Release|Any CPU
		{4D52E5EA-C24E-4380-9650-B84D7908701D}.AppStore|Any CPU.ActiveCfg = Release|Any CPU
		{4D52E5EA-C24E-4380-9650-B84D7908701D}.AppStore|Any CPU.Build.0 = Release|Any CPU
		{4D52E5EA-C24E-4380-9650-B84D7908701D}.AppStore|ARM.ActiveCfg = Release|Any CPU
		{4D52E5EA-C24E-4380-9650-B84D7908701D}.AppStore|ARM.Build.0 = Release|Any CPU
		{4D52E5EA-C24E-4380-9650-B84D7908701D}.AppStore|iPhone.ActiveCfg = Release|Any CPU
		{4D52E5EA-C24E-4380-9650-B84D7908701D}.AppStore|iPhone.Build.0 = Release|Any CPU
		{4D52E5EA-C24E-4380-9650-B84D7908701D}.AppStore|iPhoneSimulator.ActiveCfg = Release|Any CPU
		{4D52E5EA-C24E-4380-9650-B84D7908701D}.AppStore|iPhoneSimulator.Build.0 = Release|Any CPU
		{4D52E5EA-C24E-4380-9650-B84D7908701D}.AppStore|x64.ActiveCfg = Release|Any CPU
		{4D52E5EA-C24E-4380-9650-B84D7908701D}.AppStore|x64.Build.0 = Release|Any CPU
		{4D52E5EA-C24E-4380-9650-B84D7908701D}.AppStore|x86.ActiveCfg = Release|Any CPU
		{4D52E5EA-C24E-4380-9650-B84D7908701D}.AppStore|x86.Build.0 = Release|Any CPU
		{4D52E5EA-C24E-4380-9650-B84D7908701D}.Debug|Any CPU.ActiveCfg = Debug|Any CPU
		{4D52E5EA-C24E-4380-9650-B84D7908701D}.Debug|Any CPU.Build.0 = Debug|Any CPU
		{4D52E5EA-C24E-4380-9650-B84D7908701D}.Debug|ARM.ActiveCfg = Debug|Any CPU
		{4D52E5EA-C24E-4380-9650-B84D7908701D}.Debug|ARM.Build.0 = Debug|Any CPU
		{4D52E5EA-C24E-4380-9650-B84D7908701D}.Debug|iPhone.ActiveCfg = Debug|Any CPU
		{4D52E5EA-C24E-4380-9650-B84D7908701D}.Debug|iPhone.Build.0 = Debug|Any CPU
		{4D52E5EA-C24E-4380-9650-B84D7908701D}.Debug|iPhoneSimulator.ActiveCfg = Debug|Any CPU
		{4D52E5EA-C24E-4380-9650-B84D7908701D}.Debug|iPhoneSimulator.Build.0 = Debug|Any CPU
		{4D52E5EA-C24E-4380-9650-B84D7908701D}.Debug|x64.ActiveCfg = Debug|Any CPU
		{4D52E5EA-C24E-4380-9650-B84D7908701D}.Debug|x64.Build.0 = Debug|Any CPU
		{4D52E5EA-C24E-4380-9650-B84D7908701D}.Debug|x86.ActiveCfg = Debug|Any CPU
		{4D52E5EA-C24E-4380-9650-B84D7908701D}.Debug|x86.Build.0 = Debug|Any CPU
		{4D52E5EA-C24E-4380-9650-B84D7908701D}.Release|Any CPU.ActiveCfg = Release|Any CPU
		{4D52E5EA-C24E-4380-9650-B84D7908701D}.Release|Any CPU.Build.0 = Release|Any CPU
		{4D52E5EA-C24E-4380-9650-B84D7908701D}.Release|ARM.ActiveCfg = Release|Any CPU
		{4D52E5EA-C24E-4380-9650-B84D7908701D}.Release|ARM.Build.0 = Release|Any CPU
		{4D52E5EA-C24E-4380-9650-B84D7908701D}.Release|iPhone.ActiveCfg = Release|Any CPU
		{4D52E5EA-C24E-4380-9650-B84D7908701D}.Release|iPhone.Build.0 = Release|Any CPU
		{4D52E5EA-C24E-4380-9650-B84D7908701D}.Release|iPhoneSimulator.ActiveCfg = Release|Any CPU
		{4D52E5EA-C24E-4380-9650-B84D7908701D}.Release|iPhoneSimulator.Build.0 = Release|Any CPU
		{4D52E5EA-C24E-4380-9650-B84D7908701D}.Release|x64.ActiveCfg = Release|Any CPU
		{4D52E5EA-C24E-4380-9650-B84D7908701D}.Release|x64.Build.0 = Release|Any CPU
		{4D52E5EA-C24E-4380-9650-B84D7908701D}.Release|x86.ActiveCfg = Release|Any CPU
		{4D52E5EA-C24E-4380-9650-B84D7908701D}.Release|x86.Build.0 = Release|Any CPU
		{E71F3053-056C-4381-9638-048ED73BDFF6}.Ad-Hoc|Any CPU.ActiveCfg = Release|Any CPU
		{E71F3053-056C-4381-9638-048ED73BDFF6}.Ad-Hoc|Any CPU.Build.0 = Release|Any CPU
		{E71F3053-056C-4381-9638-048ED73BDFF6}.Ad-Hoc|ARM.ActiveCfg = Release|Any CPU
		{E71F3053-056C-4381-9638-048ED73BDFF6}.Ad-Hoc|ARM.Build.0 = Release|Any CPU
		{E71F3053-056C-4381-9638-048ED73BDFF6}.Ad-Hoc|iPhone.ActiveCfg = Release|Any CPU
		{E71F3053-056C-4381-9638-048ED73BDFF6}.Ad-Hoc|iPhone.Build.0 = Release|Any CPU
		{E71F3053-056C-4381-9638-048ED73BDFF6}.Ad-Hoc|iPhoneSimulator.ActiveCfg = Release|Any CPU
		{E71F3053-056C-4381-9638-048ED73BDFF6}.Ad-Hoc|iPhoneSimulator.Build.0 = Release|Any CPU
		{E71F3053-056C-4381-9638-048ED73BDFF6}.Ad-Hoc|x64.ActiveCfg = Release|Any CPU
		{E71F3053-056C-4381-9638-048ED73BDFF6}.Ad-Hoc|x64.Build.0 = Release|Any CPU
		{E71F3053-056C-4381-9638-048ED73BDFF6}.Ad-Hoc|x86.ActiveCfg = Release|Any CPU
		{E71F3053-056C-4381-9638-048ED73BDFF6}.Ad-Hoc|x86.Build.0 = Release|Any CPU
		{E71F3053-056C-4381-9638-048ED73BDFF6}.AppStore|Any CPU.ActiveCfg = Release|Any CPU
		{E71F3053-056C-4381-9638-048ED73BDFF6}.AppStore|Any CPU.Build.0 = Release|Any CPU
		{E71F3053-056C-4381-9638-048ED73BDFF6}.AppStore|ARM.ActiveCfg = Release|Any CPU
		{E71F3053-056C-4381-9638-048ED73BDFF6}.AppStore|ARM.Build.0 = Release|Any CPU
		{E71F3053-056C-4381-9638-048ED73BDFF6}.AppStore|iPhone.ActiveCfg = Release|Any CPU
		{E71F3053-056C-4381-9638-048ED73BDFF6}.AppStore|iPhone.Build.0 = Release|Any CPU
		{E71F3053-056C-4381-9638-048ED73BDFF6}.AppStore|iPhoneSimulator.ActiveCfg = Release|Any CPU
		{E71F3053-056C-4381-9638-048ED73BDFF6}.AppStore|iPhoneSimulator.Build.0 = Release|Any CPU
		{E71F3053-056C-4381-9638-048ED73BDFF6}.AppStore|x64.ActiveCfg = Release|Any CPU
		{E71F3053-056C-4381-9638-048ED73BDFF6}.AppStore|x64.Build.0 = Release|Any CPU
		{E71F3053-056C-4381-9638-048ED73BDFF6}.AppStore|x86.ActiveCfg = Release|Any CPU
		{E71F3053-056C-4381-9638-048ED73BDFF6}.AppStore|x86.Build.0 = Release|Any CPU
		{E71F3053-056C-4381-9638-048ED73BDFF6}.Debug|Any CPU.ActiveCfg = Debug|Any CPU
		{E71F3053-056C-4381-9638-048ED73BDFF6}.Debug|Any CPU.Build.0 = Debug|Any CPU
		{E71F3053-056C-4381-9638-048ED73BDFF6}.Debug|ARM.ActiveCfg = Debug|Any CPU
		{E71F3053-056C-4381-9638-048ED73BDFF6}.Debug|ARM.Build.0 = Debug|Any CPU
		{E71F3053-056C-4381-9638-048ED73BDFF6}.Debug|iPhone.ActiveCfg = Debug|Any CPU
		{E71F3053-056C-4381-9638-048ED73BDFF6}.Debug|iPhone.Build.0 = Debug|Any CPU
		{E71F3053-056C-4381-9638-048ED73BDFF6}.Debug|iPhoneSimulator.ActiveCfg = Debug|Any CPU
		{E71F3053-056C-4381-9638-048ED73BDFF6}.Debug|iPhoneSimulator.Build.0 = Debug|Any CPU
		{E71F3053-056C-4381-9638-048ED73BDFF6}.Debug|x64.ActiveCfg = Debug|Any CPU
		{E71F3053-056C-4381-9638-048ED73BDFF6}.Debug|x64.Build.0 = Debug|Any CPU
		{E71F3053-056C-4381-9638-048ED73BDFF6}.Debug|x86.ActiveCfg = Debug|Any CPU
		{E71F3053-056C-4381-9638-048ED73BDFF6}.Debug|x86.Build.0 = Debug|Any CPU
		{E71F3053-056C-4381-9638-048ED73BDFF6}.Release|Any CPU.ActiveCfg = Release|Any CPU
		{E71F3053-056C-4381-9638-048ED73BDFF6}.Release|Any CPU.Build.0 = Release|Any CPU
		{E71F3053-056C-4381-9638-048ED73BDFF6}.Release|ARM.ActiveCfg = Release|Any CPU
		{E71F3053-056C-4381-9638-048ED73BDFF6}.Release|ARM.Build.0 = Release|Any CPU
		{E71F3053-056C-4381-9638-048ED73BDFF6}.Release|iPhone.ActiveCfg = Release|Any CPU
		{E71F3053-056C-4381-9638-048ED73BDFF6}.Release|iPhone.Build.0 = Release|Any CPU
		{E71F3053-056C-4381-9638-048ED73BDFF6}.Release|iPhoneSimulator.ActiveCfg = Release|Any CPU
		{E71F3053-056C-4381-9638-048ED73BDFF6}.Release|iPhoneSimulator.Build.0 = Release|Any CPU
		{E71F3053-056C-4381-9638-048ED73BDFF6}.Release|x64.ActiveCfg = Release|Any CPU
		{E71F3053-056C-4381-9638-048ED73BDFF6}.Release|x64.Build.0 = Release|Any CPU
		{E71F3053-056C-4381-9638-048ED73BDFF6}.Release|x86.ActiveCfg = Release|Any CPU
		{E71F3053-056C-4381-9638-048ED73BDFF6}.Release|x86.Build.0 = Release|Any CPU
		{9D97344A-1852-45C1-AFAE-0D69D93F565B}.Ad-Hoc|Any CPU.ActiveCfg = Release|Any CPU
		{9D97344A-1852-45C1-AFAE-0D69D93F565B}.Ad-Hoc|Any CPU.Build.0 = Release|Any CPU
		{9D97344A-1852-45C1-AFAE-0D69D93F565B}.Ad-Hoc|ARM.ActiveCfg = Release|Any CPU
		{9D97344A-1852-45C1-AFAE-0D69D93F565B}.Ad-Hoc|ARM.Build.0 = Release|Any CPU
		{9D97344A-1852-45C1-AFAE-0D69D93F565B}.Ad-Hoc|iPhone.ActiveCfg = Release|Any CPU
		{9D97344A-1852-45C1-AFAE-0D69D93F565B}.Ad-Hoc|iPhone.Build.0 = Release|Any CPU
		{9D97344A-1852-45C1-AFAE-0D69D93F565B}.Ad-Hoc|iPhoneSimulator.ActiveCfg = Release|Any CPU
		{9D97344A-1852-45C1-AFAE-0D69D93F565B}.Ad-Hoc|iPhoneSimulator.Build.0 = Release|Any CPU
		{9D97344A-1852-45C1-AFAE-0D69D93F565B}.Ad-Hoc|x64.ActiveCfg = Release|Any CPU
		{9D97344A-1852-45C1-AFAE-0D69D93F565B}.Ad-Hoc|x64.Build.0 = Release|Any CPU
		{9D97344A-1852-45C1-AFAE-0D69D93F565B}.Ad-Hoc|x86.ActiveCfg = Release|Any CPU
		{9D97344A-1852-45C1-AFAE-0D69D93F565B}.Ad-Hoc|x86.Build.0 = Release|Any CPU
		{9D97344A-1852-45C1-AFAE-0D69D93F565B}.AppStore|Any CPU.ActiveCfg = Release|Any CPU
		{9D97344A-1852-45C1-AFAE-0D69D93F565B}.AppStore|Any CPU.Build.0 = Release|Any CPU
		{9D97344A-1852-45C1-AFAE-0D69D93F565B}.AppStore|ARM.ActiveCfg = Release|Any CPU
		{9D97344A-1852-45C1-AFAE-0D69D93F565B}.AppStore|ARM.Build.0 = Release|Any CPU
		{9D97344A-1852-45C1-AFAE-0D69D93F565B}.AppStore|iPhone.ActiveCfg = Release|Any CPU
		{9D97344A-1852-45C1-AFAE-0D69D93F565B}.AppStore|iPhone.Build.0 = Release|Any CPU
		{9D97344A-1852-45C1-AFAE-0D69D93F565B}.AppStore|iPhoneSimulator.ActiveCfg = Release|Any CPU
		{9D97344A-1852-45C1-AFAE-0D69D93F565B}.AppStore|iPhoneSimulator.Build.0 = Release|Any CPU
		{9D97344A-1852-45C1-AFAE-0D69D93F565B}.AppStore|x64.ActiveCfg = Release|Any CPU
		{9D97344A-1852-45C1-AFAE-0D69D93F565B}.AppStore|x64.Build.0 = Release|Any CPU
		{9D97344A-1852-45C1-AFAE-0D69D93F565B}.AppStore|x86.ActiveCfg = Release|Any CPU
		{9D97344A-1852-45C1-AFAE-0D69D93F565B}.AppStore|x86.Build.0 = Release|Any CPU
		{9D97344A-1852-45C1-AFAE-0D69D93F565B}.Debug|Any CPU.ActiveCfg = Debug|Any CPU
		{9D97344A-1852-45C1-AFAE-0D69D93F565B}.Debug|Any CPU.Build.0 = Debug|Any CPU
		{9D97344A-1852-45C1-AFAE-0D69D93F565B}.Debug|ARM.ActiveCfg = Debug|Any CPU
		{9D97344A-1852-45C1-AFAE-0D69D93F565B}.Debug|ARM.Build.0 = Debug|Any CPU
		{9D97344A-1852-45C1-AFAE-0D69D93F565B}.Debug|iPhone.ActiveCfg = Debug|Any CPU
		{9D97344A-1852-45C1-AFAE-0D69D93F565B}.Debug|iPhone.Build.0 = Debug|Any CPU
		{9D97344A-1852-45C1-AFAE-0D69D93F565B}.Debug|iPhoneSimulator.ActiveCfg = Debug|Any CPU
		{9D97344A-1852-45C1-AFAE-0D69D93F565B}.Debug|iPhoneSimulator.Build.0 = Debug|Any CPU
		{9D97344A-1852-45C1-AFAE-0D69D93F565B}.Debug|x64.ActiveCfg = Debug|Any CPU
		{9D97344A-1852-45C1-AFAE-0D69D93F565B}.Debug|x64.Build.0 = Debug|Any CPU
		{9D97344A-1852-45C1-AFAE-0D69D93F565B}.Debug|x86.ActiveCfg = Debug|Any CPU
		{9D97344A-1852-45C1-AFAE-0D69D93F565B}.Debug|x86.Build.0 = Debug|Any CPU
		{9D97344A-1852-45C1-AFAE-0D69D93F565B}.Release|Any CPU.ActiveCfg = Release|Any CPU
		{9D97344A-1852-45C1-AFAE-0D69D93F565B}.Release|Any CPU.Build.0 = Release|Any CPU
		{9D97344A-1852-45C1-AFAE-0D69D93F565B}.Release|ARM.ActiveCfg = Release|Any CPU
		{9D97344A-1852-45C1-AFAE-0D69D93F565B}.Release|ARM.Build.0 = Release|Any CPU
		{9D97344A-1852-45C1-AFAE-0D69D93F565B}.Release|iPhone.ActiveCfg = Release|Any CPU
		{9D97344A-1852-45C1-AFAE-0D69D93F565B}.Release|iPhone.Build.0 = Release|Any CPU
		{9D97344A-1852-45C1-AFAE-0D69D93F565B}.Release|iPhoneSimulator.ActiveCfg = Release|Any CPU
		{9D97344A-1852-45C1-AFAE-0D69D93F565B}.Release|iPhoneSimulator.Build.0 = Release|Any CPU
		{9D97344A-1852-45C1-AFAE-0D69D93F565B}.Release|x64.ActiveCfg = Release|Any CPU
		{9D97344A-1852-45C1-AFAE-0D69D93F565B}.Release|x64.Build.0 = Release|Any CPU
		{9D97344A-1852-45C1-AFAE-0D69D93F565B}.Release|x86.ActiveCfg = Release|Any CPU
		{9D97344A-1852-45C1-AFAE-0D69D93F565B}.Release|x86.Build.0 = Release|Any CPU
		{753CC20F-1B34-4328-9EE3-613575F528C5}.Ad-Hoc|Any CPU.ActiveCfg = Debug|Any CPU
		{753CC20F-1B34-4328-9EE3-613575F528C5}.Ad-Hoc|Any CPU.Build.0 = Debug|Any CPU
		{753CC20F-1B34-4328-9EE3-613575F528C5}.Ad-Hoc|ARM.ActiveCfg = Debug|Any CPU
		{753CC20F-1B34-4328-9EE3-613575F528C5}.Ad-Hoc|ARM.Build.0 = Debug|Any CPU
		{753CC20F-1B34-4328-9EE3-613575F528C5}.Ad-Hoc|iPhone.ActiveCfg = Debug|Any CPU
		{753CC20F-1B34-4328-9EE3-613575F528C5}.Ad-Hoc|iPhone.Build.0 = Debug|Any CPU
		{753CC20F-1B34-4328-9EE3-613575F528C5}.Ad-Hoc|iPhoneSimulator.ActiveCfg = Debug|Any CPU
		{753CC20F-1B34-4328-9EE3-613575F528C5}.Ad-Hoc|iPhoneSimulator.Build.0 = Debug|Any CPU
		{753CC20F-1B34-4328-9EE3-613575F528C5}.Ad-Hoc|x64.ActiveCfg = Debug|Any CPU
		{753CC20F-1B34-4328-9EE3-613575F528C5}.Ad-Hoc|x64.Build.0 = Debug|Any CPU
		{753CC20F-1B34-4328-9EE3-613575F528C5}.Ad-Hoc|x86.ActiveCfg = Debug|Any CPU
		{753CC20F-1B34-4328-9EE3-613575F528C5}.Ad-Hoc|x86.Build.0 = Debug|Any CPU
		{753CC20F-1B34-4328-9EE3-613575F528C5}.AppStore|Any CPU.ActiveCfg = Debug|Any CPU
		{753CC20F-1B34-4328-9EE3-613575F528C5}.AppStore|Any CPU.Build.0 = Debug|Any CPU
		{753CC20F-1B34-4328-9EE3-613575F528C5}.AppStore|ARM.ActiveCfg = Debug|Any CPU
		{753CC20F-1B34-4328-9EE3-613575F528C5}.AppStore|ARM.Build.0 = Debug|Any CPU
		{753CC20F-1B34-4328-9EE3-613575F528C5}.AppStore|iPhone.ActiveCfg = Debug|Any CPU
		{753CC20F-1B34-4328-9EE3-613575F528C5}.AppStore|iPhone.Build.0 = Debug|Any CPU
		{753CC20F-1B34-4328-9EE3-613575F528C5}.AppStore|iPhoneSimulator.ActiveCfg = Debug|Any CPU
		{753CC20F-1B34-4328-9EE3-613575F528C5}.AppStore|iPhoneSimulator.Build.0 = Debug|Any CPU
		{753CC20F-1B34-4328-9EE3-613575F528C5}.AppStore|x64.ActiveCfg = Debug|Any CPU
		{753CC20F-1B34-4328-9EE3-613575F528C5}.AppStore|x64.Build.0 = Debug|Any CPU
		{753CC20F-1B34-4328-9EE3-613575F528C5}.AppStore|x86.ActiveCfg = Debug|Any CPU
		{753CC20F-1B34-4328-9EE3-613575F528C5}.AppStore|x86.Build.0 = Debug|Any CPU
		{753CC20F-1B34-4328-9EE3-613575F528C5}.Debug|Any CPU.ActiveCfg = Debug|Any CPU
		{753CC20F-1B34-4328-9EE3-613575F528C5}.Debug|Any CPU.Build.0 = Debug|Any CPU
		{753CC20F-1B34-4328-9EE3-613575F528C5}.Debug|ARM.ActiveCfg = Debug|Any CPU
		{753CC20F-1B34-4328-9EE3-613575F528C5}.Debug|ARM.Build.0 = Debug|Any CPU
		{753CC20F-1B34-4328-9EE3-613575F528C5}.Debug|iPhone.ActiveCfg = Debug|Any CPU
		{753CC20F-1B34-4328-9EE3-613575F528C5}.Debug|iPhone.Build.0 = Debug|Any CPU
		{753CC20F-1B34-4328-9EE3-613575F528C5}.Debug|iPhoneSimulator.ActiveCfg = Debug|Any CPU
		{753CC20F-1B34-4328-9EE3-613575F528C5}.Debug|iPhoneSimulator.Build.0 = Debug|Any CPU
		{753CC20F-1B34-4328-9EE3-613575F528C5}.Debug|x64.ActiveCfg = Debug|Any CPU
		{753CC20F-1B34-4328-9EE3-613575F528C5}.Debug|x64.Build.0 = Debug|Any CPU
		{753CC20F-1B34-4328-9EE3-613575F528C5}.Debug|x86.ActiveCfg = Debug|Any CPU
		{753CC20F-1B34-4328-9EE3-613575F528C5}.Debug|x86.Build.0 = Debug|Any CPU
		{753CC20F-1B34-4328-9EE3-613575F528C5}.Release|Any CPU.ActiveCfg = Release|Any CPU
		{753CC20F-1B34-4328-9EE3-613575F528C5}.Release|Any CPU.Build.0 = Release|Any CPU
		{753CC20F-1B34-4328-9EE3-613575F528C5}.Release|ARM.ActiveCfg = Release|Any CPU
		{753CC20F-1B34-4328-9EE3-613575F528C5}.Release|ARM.Build.0 = Release|Any CPU
		{753CC20F-1B34-4328-9EE3-613575F528C5}.Release|iPhone.ActiveCfg = Release|Any CPU
		{753CC20F-1B34-4328-9EE3-613575F528C5}.Release|iPhone.Build.0 = Release|Any CPU
		{753CC20F-1B34-4328-9EE3-613575F528C5}.Release|iPhoneSimulator.ActiveCfg = Release|Any CPU
		{753CC20F-1B34-4328-9EE3-613575F528C5}.Release|iPhoneSimulator.Build.0 = Release|Any CPU
		{753CC20F-1B34-4328-9EE3-613575F528C5}.Release|x64.ActiveCfg = Release|Any CPU
		{753CC20F-1B34-4328-9EE3-613575F528C5}.Release|x64.Build.0 = Release|Any CPU
		{753CC20F-1B34-4328-9EE3-613575F528C5}.Release|x86.ActiveCfg = Release|Any CPU
		{753CC20F-1B34-4328-9EE3-613575F528C5}.Release|x86.Build.0 = Release|Any CPU
		{95014DAA-ADD6-42E6-8F7D-12F4E7C6AAFC}.Ad-Hoc|Any CPU.ActiveCfg = Release|Any CPU
		{95014DAA-ADD6-42E6-8F7D-12F4E7C6AAFC}.Ad-Hoc|Any CPU.Build.0 = Release|Any CPU
		{95014DAA-ADD6-42E6-8F7D-12F4E7C6AAFC}.Ad-Hoc|Any CPU.Deploy.0 = Release|Any CPU
		{95014DAA-ADD6-42E6-8F7D-12F4E7C6AAFC}.Ad-Hoc|ARM.ActiveCfg = Release|Any CPU
		{95014DAA-ADD6-42E6-8F7D-12F4E7C6AAFC}.Ad-Hoc|ARM.Build.0 = Release|Any CPU
		{95014DAA-ADD6-42E6-8F7D-12F4E7C6AAFC}.Ad-Hoc|ARM.Deploy.0 = Release|Any CPU
		{95014DAA-ADD6-42E6-8F7D-12F4E7C6AAFC}.Ad-Hoc|iPhone.ActiveCfg = Release|Any CPU
		{95014DAA-ADD6-42E6-8F7D-12F4E7C6AAFC}.Ad-Hoc|iPhone.Build.0 = Release|Any CPU
		{95014DAA-ADD6-42E6-8F7D-12F4E7C6AAFC}.Ad-Hoc|iPhone.Deploy.0 = Release|Any CPU
		{95014DAA-ADD6-42E6-8F7D-12F4E7C6AAFC}.Ad-Hoc|iPhoneSimulator.ActiveCfg = Release|Any CPU
		{95014DAA-ADD6-42E6-8F7D-12F4E7C6AAFC}.Ad-Hoc|iPhoneSimulator.Build.0 = Release|Any CPU
		{95014DAA-ADD6-42E6-8F7D-12F4E7C6AAFC}.Ad-Hoc|iPhoneSimulator.Deploy.0 = Release|Any CPU
		{95014DAA-ADD6-42E6-8F7D-12F4E7C6AAFC}.Ad-Hoc|x64.ActiveCfg = Release|Any CPU
		{95014DAA-ADD6-42E6-8F7D-12F4E7C6AAFC}.Ad-Hoc|x64.Build.0 = Release|Any CPU
		{95014DAA-ADD6-42E6-8F7D-12F4E7C6AAFC}.Ad-Hoc|x64.Deploy.0 = Release|Any CPU
		{95014DAA-ADD6-42E6-8F7D-12F4E7C6AAFC}.Ad-Hoc|x86.ActiveCfg = Release|Any CPU
		{95014DAA-ADD6-42E6-8F7D-12F4E7C6AAFC}.Ad-Hoc|x86.Build.0 = Release|Any CPU
		{95014DAA-ADD6-42E6-8F7D-12F4E7C6AAFC}.Ad-Hoc|x86.Deploy.0 = Release|Any CPU
		{95014DAA-ADD6-42E6-8F7D-12F4E7C6AAFC}.AppStore|Any CPU.ActiveCfg = Release|Any CPU
		{95014DAA-ADD6-42E6-8F7D-12F4E7C6AAFC}.AppStore|Any CPU.Build.0 = Release|Any CPU
		{95014DAA-ADD6-42E6-8F7D-12F4E7C6AAFC}.AppStore|Any CPU.Deploy.0 = Release|Any CPU
		{95014DAA-ADD6-42E6-8F7D-12F4E7C6AAFC}.AppStore|ARM.ActiveCfg = Release|Any CPU
		{95014DAA-ADD6-42E6-8F7D-12F4E7C6AAFC}.AppStore|ARM.Build.0 = Release|Any CPU
		{95014DAA-ADD6-42E6-8F7D-12F4E7C6AAFC}.AppStore|ARM.Deploy.0 = Release|Any CPU
		{95014DAA-ADD6-42E6-8F7D-12F4E7C6AAFC}.AppStore|iPhone.ActiveCfg = Release|Any CPU
		{95014DAA-ADD6-42E6-8F7D-12F4E7C6AAFC}.AppStore|iPhone.Build.0 = Release|Any CPU
		{95014DAA-ADD6-42E6-8F7D-12F4E7C6AAFC}.AppStore|iPhone.Deploy.0 = Release|Any CPU
		{95014DAA-ADD6-42E6-8F7D-12F4E7C6AAFC}.AppStore|iPhoneSimulator.ActiveCfg = Release|Any CPU
		{95014DAA-ADD6-42E6-8F7D-12F4E7C6AAFC}.AppStore|iPhoneSimulator.Build.0 = Release|Any CPU
		{95014DAA-ADD6-42E6-8F7D-12F4E7C6AAFC}.AppStore|iPhoneSimulator.Deploy.0 = Release|Any CPU
		{95014DAA-ADD6-42E6-8F7D-12F4E7C6AAFC}.AppStore|x64.ActiveCfg = Release|Any CPU
		{95014DAA-ADD6-42E6-8F7D-12F4E7C6AAFC}.AppStore|x64.Build.0 = Release|Any CPU
		{95014DAA-ADD6-42E6-8F7D-12F4E7C6AAFC}.AppStore|x64.Deploy.0 = Release|Any CPU
		{95014DAA-ADD6-42E6-8F7D-12F4E7C6AAFC}.AppStore|x86.ActiveCfg = Release|Any CPU
		{95014DAA-ADD6-42E6-8F7D-12F4E7C6AAFC}.AppStore|x86.Build.0 = Release|Any CPU
		{95014DAA-ADD6-42E6-8F7D-12F4E7C6AAFC}.AppStore|x86.Deploy.0 = Release|Any CPU
		{95014DAA-ADD6-42E6-8F7D-12F4E7C6AAFC}.Debug|Any CPU.ActiveCfg = Debug|Any CPU
		{95014DAA-ADD6-42E6-8F7D-12F4E7C6AAFC}.Debug|Any CPU.Build.0 = Debug|Any CPU
		{95014DAA-ADD6-42E6-8F7D-12F4E7C6AAFC}.Debug|Any CPU.Deploy.0 = Debug|Any CPU
		{95014DAA-ADD6-42E6-8F7D-12F4E7C6AAFC}.Debug|ARM.ActiveCfg = Debug|Any CPU
		{95014DAA-ADD6-42E6-8F7D-12F4E7C6AAFC}.Debug|ARM.Build.0 = Debug|Any CPU
		{95014DAA-ADD6-42E6-8F7D-12F4E7C6AAFC}.Debug|ARM.Deploy.0 = Debug|Any CPU
		{95014DAA-ADD6-42E6-8F7D-12F4E7C6AAFC}.Debug|iPhone.ActiveCfg = Debug|Any CPU
		{95014DAA-ADD6-42E6-8F7D-12F4E7C6AAFC}.Debug|iPhone.Build.0 = Debug|Any CPU
		{95014DAA-ADD6-42E6-8F7D-12F4E7C6AAFC}.Debug|iPhone.Deploy.0 = Debug|Any CPU
		{95014DAA-ADD6-42E6-8F7D-12F4E7C6AAFC}.Debug|iPhoneSimulator.ActiveCfg = Debug|Any CPU
		{95014DAA-ADD6-42E6-8F7D-12F4E7C6AAFC}.Debug|iPhoneSimulator.Build.0 = Debug|Any CPU
		{95014DAA-ADD6-42E6-8F7D-12F4E7C6AAFC}.Debug|iPhoneSimulator.Deploy.0 = Debug|Any CPU
		{95014DAA-ADD6-42E6-8F7D-12F4E7C6AAFC}.Debug|x64.ActiveCfg = Debug|Any CPU
		{95014DAA-ADD6-42E6-8F7D-12F4E7C6AAFC}.Debug|x64.Build.0 = Debug|Any CPU
		{95014DAA-ADD6-42E6-8F7D-12F4E7C6AAFC}.Debug|x64.Deploy.0 = Debug|Any CPU
		{95014DAA-ADD6-42E6-8F7D-12F4E7C6AAFC}.Debug|x86.ActiveCfg = Debug|Any CPU
		{95014DAA-ADD6-42E6-8F7D-12F4E7C6AAFC}.Debug|x86.Build.0 = Debug|Any CPU
		{95014DAA-ADD6-42E6-8F7D-12F4E7C6AAFC}.Debug|x86.Deploy.0 = Debug|Any CPU
		{95014DAA-ADD6-42E6-8F7D-12F4E7C6AAFC}.Release|Any CPU.ActiveCfg = Release|Any CPU
		{95014DAA-ADD6-42E6-8F7D-12F4E7C6AAFC}.Release|Any CPU.Build.0 = Release|Any CPU
		{95014DAA-ADD6-42E6-8F7D-12F4E7C6AAFC}.Release|Any CPU.Deploy.0 = Release|Any CPU
		{95014DAA-ADD6-42E6-8F7D-12F4E7C6AAFC}.Release|ARM.ActiveCfg = Release|Any CPU
		{95014DAA-ADD6-42E6-8F7D-12F4E7C6AAFC}.Release|ARM.Build.0 = Release|Any CPU
		{95014DAA-ADD6-42E6-8F7D-12F4E7C6AAFC}.Release|ARM.Deploy.0 = Release|Any CPU
		{95014DAA-ADD6-42E6-8F7D-12F4E7C6AAFC}.Release|iPhone.ActiveCfg = Release|Any CPU
		{95014DAA-ADD6-42E6-8F7D-12F4E7C6AAFC}.Release|iPhone.Build.0 = Release|Any CPU
		{95014DAA-ADD6-42E6-8F7D-12F4E7C6AAFC}.Release|iPhone.Deploy.0 = Release|Any CPU
		{95014DAA-ADD6-42E6-8F7D-12F4E7C6AAFC}.Release|iPhoneSimulator.ActiveCfg = Release|Any CPU
		{95014DAA-ADD6-42E6-8F7D-12F4E7C6AAFC}.Release|iPhoneSimulator.Build.0 = Release|Any CPU
		{95014DAA-ADD6-42E6-8F7D-12F4E7C6AAFC}.Release|iPhoneSimulator.Deploy.0 = Release|Any CPU
		{95014DAA-ADD6-42E6-8F7D-12F4E7C6AAFC}.Release|x64.ActiveCfg = Release|Any CPU
		{95014DAA-ADD6-42E6-8F7D-12F4E7C6AAFC}.Release|x64.Build.0 = Release|Any CPU
		{95014DAA-ADD6-42E6-8F7D-12F4E7C6AAFC}.Release|x64.Deploy.0 = Release|Any CPU
		{95014DAA-ADD6-42E6-8F7D-12F4E7C6AAFC}.Release|x86.ActiveCfg = Release|Any CPU
		{95014DAA-ADD6-42E6-8F7D-12F4E7C6AAFC}.Release|x86.Build.0 = Release|Any CPU
		{95014DAA-ADD6-42E6-8F7D-12F4E7C6AAFC}.Release|x86.Deploy.0 = Release|Any CPU
		{890704FB-9127-440A-B4F0-686131ED3844}.Ad-Hoc|Any CPU.ActiveCfg = Ad-Hoc|iPhone
		{890704FB-9127-440A-B4F0-686131ED3844}.Ad-Hoc|ARM.ActiveCfg = Ad-Hoc|iPhone
		{890704FB-9127-440A-B4F0-686131ED3844}.Ad-Hoc|iPhone.ActiveCfg = Ad-Hoc|iPhone
		{890704FB-9127-440A-B4F0-686131ED3844}.Ad-Hoc|iPhone.Build.0 = Ad-Hoc|iPhone
		{890704FB-9127-440A-B4F0-686131ED3844}.Ad-Hoc|iPhoneSimulator.ActiveCfg = Ad-Hoc|iPhoneSimulator
		{890704FB-9127-440A-B4F0-686131ED3844}.Ad-Hoc|iPhoneSimulator.Build.0 = Ad-Hoc|iPhoneSimulator
		{890704FB-9127-440A-B4F0-686131ED3844}.Ad-Hoc|x64.ActiveCfg = Ad-Hoc|iPhone
		{890704FB-9127-440A-B4F0-686131ED3844}.Ad-Hoc|x86.ActiveCfg = Ad-Hoc|iPhone
		{890704FB-9127-440A-B4F0-686131ED3844}.AppStore|Any CPU.ActiveCfg = AppStore|iPhone
		{890704FB-9127-440A-B4F0-686131ED3844}.AppStore|ARM.ActiveCfg = AppStore|iPhone
		{890704FB-9127-440A-B4F0-686131ED3844}.AppStore|iPhone.ActiveCfg = AppStore|iPhone
		{890704FB-9127-440A-B4F0-686131ED3844}.AppStore|iPhone.Build.0 = AppStore|iPhone
		{890704FB-9127-440A-B4F0-686131ED3844}.AppStore|iPhoneSimulator.ActiveCfg = AppStore|iPhoneSimulator
		{890704FB-9127-440A-B4F0-686131ED3844}.AppStore|iPhoneSimulator.Build.0 = AppStore|iPhoneSimulator
		{890704FB-9127-440A-B4F0-686131ED3844}.AppStore|x64.ActiveCfg = AppStore|iPhone
		{890704FB-9127-440A-B4F0-686131ED3844}.AppStore|x86.ActiveCfg = AppStore|iPhone
		{890704FB-9127-440A-B4F0-686131ED3844}.Debug|Any CPU.ActiveCfg = Debug|iPhone
		{890704FB-9127-440A-B4F0-686131ED3844}.Debug|ARM.ActiveCfg = Debug|iPhone
		{890704FB-9127-440A-B4F0-686131ED3844}.Debug|iPhone.ActiveCfg = Debug|iPhone
		{890704FB-9127-440A-B4F0-686131ED3844}.Debug|iPhone.Build.0 = Debug|iPhone
		{890704FB-9127-440A-B4F0-686131ED3844}.Debug|iPhoneSimulator.ActiveCfg = Debug|iPhoneSimulator
		{890704FB-9127-440A-B4F0-686131ED3844}.Debug|iPhoneSimulator.Build.0 = Debug|iPhoneSimulator
		{890704FB-9127-440A-B4F0-686131ED3844}.Debug|x64.ActiveCfg = Debug|iPhone
		{890704FB-9127-440A-B4F0-686131ED3844}.Debug|x86.ActiveCfg = Debug|iPhone
		{890704FB-9127-440A-B4F0-686131ED3844}.Release|Any CPU.ActiveCfg = Release|iPhone
		{890704FB-9127-440A-B4F0-686131ED3844}.Release|ARM.ActiveCfg = Release|iPhone
		{890704FB-9127-440A-B4F0-686131ED3844}.Release|iPhone.ActiveCfg = Release|iPhone
		{890704FB-9127-440A-B4F0-686131ED3844}.Release|iPhone.Build.0 = Release|iPhone
		{890704FB-9127-440A-B4F0-686131ED3844}.Release|iPhoneSimulator.ActiveCfg = Release|iPhoneSimulator
		{890704FB-9127-440A-B4F0-686131ED3844}.Release|iPhoneSimulator.Build.0 = Release|iPhoneSimulator
		{890704FB-9127-440A-B4F0-686131ED3844}.Release|x64.ActiveCfg = Release|iPhone
		{890704FB-9127-440A-B4F0-686131ED3844}.Release|x86.ActiveCfg = Release|iPhone
	EndGlobalSection
	GlobalSection(SolutionProperties) = preSolution
		HideSolutionNode = FALSE
	EndGlobalSection
	GlobalSection(NestedProjects) = preSolution
		{4D52E5EA-C24E-4380-9650-B84D7908701D} = {F0C7AE0A-2F29-497B-9ACE-04D805323E31}
		{F0C7AE0A-2F29-497B-9ACE-04D805323E31} = {CD3542DF-BD8C-4279-B6D1-C527C4D538C6}
		{463693D8-900F-4F6B-A09D-7181AD557E2C} = {CD3542DF-BD8C-4279-B6D1-C527C4D538C6}
		{9200935B-9FB9-420C-B46E-0C5D3DDDDDE5} = {CD3542DF-BD8C-4279-B6D1-C527C4D538C6}
		{E71F3053-056C-4381-9638-048ED73BDFF6} = {463693D8-900F-4F6B-A09D-7181AD557E2C}
		{9D97344A-1852-45C1-AFAE-0D69D93F565B} = {9200935B-9FB9-420C-B46E-0C5D3DDDDDE5}
		{753CC20F-1B34-4328-9EE3-613575F528C5} = {5426278F-BD47-431C-93A2-7BEBC33A4C3F}
		{95014DAA-ADD6-42E6-8F7D-12F4E7C6AAFC} = {5426278F-BD47-431C-93A2-7BEBC33A4C3F}
		{890704FB-9127-440A-B4F0-686131ED3844} = {5426278F-BD47-431C-93A2-7BEBC33A4C3F}
	EndGlobalSection
	GlobalSection(ExtensibilityGlobals) = postSolution
		SolutionGuid = {51C3B055-B644-4ECF-9741-0A5114321320}
	EndGlobalSection
EndGlobal
